
Microsoft Visual Studio Solution File, Format Version 12.00
# Visual Studio Version 17
VisualStudioVersion = 17.8.34330.188
MinimumVisualStudioVersion = 10.0.40219.1
Project("{FAE04EC0-301F-11D3-BF4B-00C04F79EFBC}") = "APIHouse", "APIHouse\APIHouse.csproj", "{2B16592F-5548-4B35-B6CF-9C6BA8A41CDB}"
EndProject
Global
	GlobalSection(SolutionConfigurationPlatforms) = preSolution
		Debug|Any CPU = Debug|Any CPU
		Release|Any CPU = Release|Any CPU
	EndGlobalSection
	GlobalSection(ProjectConfigurationPlatforms) = postSolution
		{2B16592F-5548-4B35-B6CF-9C6BA8A41CDB}.Debug|Any CPU.ActiveCfg = Debug|Any CPU
		{2B16592F-5548-4B35-B6CF-9C6BA8A41CDB}.Debug|Any CPU.Build.0 = Debug|Any CPU
		{2B16592F-5548-4B35-B6CF-9C6BA8A41CDB}.Release|Any CPU.ActiveCfg = Release|Any CPU
		{2B16592F-5548-4B35-B6CF-9C6BA8A41CDB}.Release|Any CPU.Build.0 = Release|Any CPU
	EndGlobalSection
	GlobalSection(SolutionProperties) = preSolution
		HideSolutionNode = FALSE
	EndGlobalSection
	GlobalSection(ExtensibilityGlobals) = postSolution
		SolutionGuid = {7E90E50B-1FAE-475D-9C2B-BBE05EA0FC14}
	EndGlobalSection
EndGlobal
